
Microsoft Visual Studio Solution File, Format Version 12.00
# Visual Studio 15
VisualStudioVersion = 15.0.28307.421
MinimumVisualStudioVersion = 10.0.40219.1
Project("{FAE04EC0-301F-11D3-BF4B-00C04F79EFBC}") = "Lesson11Class1", "Lesson11Class1\Lesson11Class1.csproj", "{88C3F992-9746-4BDD-A7CA-127602E8BCAA}"
EndProject
Global
	GlobalSection(SolutionConfigurationPlatforms) = preSolution
		Debug|Any CPU = Debug|Any CPU
		Release|Any CPU = Release|Any CPU
	EndGlobalSection
	GlobalSection(ProjectConfigurationPlatforms) = postSolution
		{88C3F992-9746-4BDD-A7CA-127602E8BCAA}.Debug|Any CPU.ActiveCfg = Debug|Any CPU
		{88C3F992-9746-4BDD-A7CA-127602E8BCAA}.Debug|Any CPU.Build.0 = Debug|Any CPU
		{88C3F992-9746-4BDD-A7CA-127602E8BCAA}.Release|Any CPU.ActiveCfg = Release|Any CPU
		{88C3F992-9746-4BDD-A7CA-127602E8BCAA}.Release|Any CPU.Build.0 = Release|Any CPU
	EndGlobalSection
	GlobalSection(SolutionProperties) = preSolution
		HideSolutionNode = FALSE
	EndGlobalSection
	GlobalSection(ExtensibilityGlobals) = postSolution
		SolutionGuid = {F6DCFB9F-605F-43D0-A501-7D58E0B81563}
	EndGlobalSection
EndGlobal
